
Microsoft Visual Studio Solution File, Format Version 12.00
# Visual Studio Version 17
VisualStudioVersion = 17.8.34525.116
MinimumVisualStudioVersion = 10.0.40219.1
Project("{FAE04EC0-301F-11D3-BF4B-00C04F79EFBC}") = "OpusSharp", "OpusSharp\OpusSharp.csproj", "{BAE7673B-4973-46C5-B4FD-8DA0CEE56561}"
EndProject
Global
	GlobalSection(SolutionConfigurationPlatforms) = preSolution
		Debug|Any CPU = Debug|Any CPU
		Release|Any CPU = Release|Any CPU
	EndGlobalSection
	GlobalSection(ProjectConfigurationPlatforms) = postSolution
		{BAE7673B-4973-46C5-B4FD-8DA0CEE56561}.Debug|Any CPU.ActiveCfg = Debug|Any CPU
		{BAE7673B-4973-46C5-B4FD-8DA0CEE56561}.Debug|Any CPU.Build.0 = Debug|Any CPU
		{BAE7673B-4973-46C5-B4FD-8DA0CEE56561}.Release|Any CPU.ActiveCfg = Release|Any CPU
		{BAE7673B-4973-46C5-B4FD-8DA0CEE56561}.Release|Any CPU.Build.0 = Release|Any CPU
	EndGlobalSection
	GlobalSection(SolutionProperties) = preSolution
		HideSolutionNode = FALSE
	EndGlobalSection
	GlobalSection(ExtensibilityGlobals) = postSolution
		SolutionGuid = {442131D7-4D4A-4408-86C4-35D0873B9DD2}
	EndGlobalSection
EndGlobal
